
Microsoft Visual Studio Solution File, Format Version 12.00
# Visual Studio 15
VisualStudioVersion = 15.0.28307.1022
MinimumVisualStudioVersion = 10.0.40219.1
Project("{FAE04EC0-301F-11D3-BF4B-00C04F79EFBC}") = "banki", "banki\banki.csproj", "{6D6958E1-C3CF-47CC-8CC9-7276D11C9698}"
EndProject
Global
	GlobalSection(SolutionConfigurationPlatforms) = preSolution
		Debug|Any CPU = Debug|Any CPU
		Release|Any CPU = Release|Any CPU
	EndGlobalSection
	GlobalSection(ProjectConfigurationPlatforms) = postSolution
		{6D6958E1-C3CF-47CC-8CC9-7276D11C9698}.Debug|Any CPU.ActiveCfg = Debug|Any CPU
		{6D6958E1-C3CF-47CC-8CC9-7276D11C9698}.Debug|Any CPU.Build.0 = Debug|Any CPU
		{6D6958E1-C3CF-47CC-8CC9-7276D11C9698}.Release|Any CPU.ActiveCfg = Release|Any CPU
		{6D6958E1-C3CF-47CC-8CC9-7276D11C9698}.Release|Any CPU.Build.0 = Release|Any CPU
	EndGlobalSection
	GlobalSection(SolutionProperties) = preSolution
		HideSolutionNode = FALSE
	EndGlobalSection
	GlobalSection(ExtensibilityGlobals) = postSolution
		SolutionGuid = {0CD53522-2C5A-49FF-996B-49228E5C3C8D}
	EndGlobalSection
EndGlobal
